
Microsoft Visual Studio Solution File, Format Version 12.00
# Visual Studio 2013
VisualStudioVersion = 12.0.21005.1
MinimumVisualStudioVersion = 10.0.40219.1
Project("{FAE04EC0-301F-11D3-BF4B-00C04F79EFBC}") = "Web", "Web\Web.csproj", "{120F7B3D-36CC-48DD-87D3-F2E04455F452}"
EndProject
Project("{FAE04EC0-301F-11D3-BF4B-00C04F79EFBC}") = "Web.Tests", "Web.Tests\Web.Tests.csproj", "{EB82B751-20CB-4641-B3C9-AC261415F9D9}"
EndProject
Project("{2150E333-8FDC-42A3-9474-1A3956D46DE8}") = ".nuget", ".nuget", "{E2DC2E30-7DCD-4E13-99FD-F56787F1B9B6}"
	ProjectSection(SolutionItems) = preProject
		.nuget\NuGet.Config = .nuget\NuGet.Config
		.nuget\NuGet.exe = .nuget\NuGet.exe
		.nuget\NuGet.targets = .nuget\NuGet.targets
	EndProjectSection
EndProject
Project("{FAE04EC0-301F-11D3-BF4B-00C04F79EFBC}") = "LocalClient", "LocalClient\LocalClient.csproj", "{1AF4A030-8721-4B2F-8CBA-9B7C5AF5DCDF}"
EndProject
Project("{FAE04EC0-301F-11D3-BF4B-00C04F79EFBC}") = "LocalClientLibrary", "LocalClientLibrary\LocalClientLibrary.csproj", "{4C088302-29CE-42F2-9879-8402A00BA1F2}"
EndProject
Project("{00D1A9C2-B5F0-4AF3-8072-F6C62B433612}") = "Database", "Database\Database.sqlproj", "{76850CF4-8DD8-4642-8F20-A313280E001A}"
EndProject
Global
	GlobalSection(SolutionConfigurationPlatforms) = preSolution
		Debug|Any CPU = Debug|Any CPU
		Release|Any CPU = Release|Any CPU
	EndGlobalSection
	GlobalSection(ProjectConfigurationPlatforms) = postSolution
		{120F7B3D-36CC-48DD-87D3-F2E04455F452}.Debug|Any CPU.ActiveCfg = Debug|Any CPU
		{120F7B3D-36CC-48DD-87D3-F2E04455F452}.Debug|Any CPU.Build.0 = Debug|Any CPU
		{120F7B3D-36CC-48DD-87D3-F2E04455F452}.Release|Any CPU.ActiveCfg = Release|Any CPU
		{120F7B3D-36CC-48DD-87D3-F2E04455F452}.Release|Any CPU.Build.0 = Release|Any CPU
		{EB82B751-20CB-4641-B3C9-AC261415F9D9}.Debug|Any CPU.ActiveCfg = Debug|Any CPU
		{EB82B751-20CB-4641-B3C9-AC261415F9D9}.Debug|Any CPU.Build.0 = Debug|Any CPU
		{EB82B751-20CB-4641-B3C9-AC261415F9D9}.Release|Any CPU.ActiveCfg = Release|Any CPU
		{EB82B751-20CB-4641-B3C9-AC261415F9D9}.Release|Any CPU.Build.0 = Release|Any CPU
		{1AF4A030-8721-4B2F-8CBA-9B7C5AF5DCDF}.Debug|Any CPU.ActiveCfg = Debug|Any CPU
		{1AF4A030-8721-4B2F-8CBA-9B7C5AF5DCDF}.Debug|Any CPU.Build.0 = Debug|Any CPU
		{1AF4A030-8721-4B2F-8CBA-9B7C5AF5DCDF}.Release|Any CPU.ActiveCfg = Release|Any CPU
		{1AF4A030-8721-4B2F-8CBA-9B7C5AF5DCDF}.Release|Any CPU.Build.0 = Release|Any CPU
		{4C088302-29CE-42F2-9879-8402A00BA1F2}.Debug|Any CPU.ActiveCfg = Debug|Any CPU
		{4C088302-29CE-42F2-9879-8402A00BA1F2}.Debug|Any CPU.Build.0 = Debug|Any CPU
		{4C088302-29CE-42F2-9879-8402A00BA1F2}.Release|Any CPU.ActiveCfg = Release|Any CPU
		{4C088302-29CE-42F2-9879-8402A00BA1F2}.Release|Any CPU.Build.0 = Release|Any CPU
		{76850CF4-8DD8-4642-8F20-A313280E001A}.Debug|Any CPU.ActiveCfg = Debug|Any CPU
		{76850CF4-8DD8-4642-8F20-A313280E001A}.Debug|Any CPU.Build.0 = Debug|Any CPU
		{76850CF4-8DD8-4642-8F20-A313280E001A}.Debug|Any CPU.Deploy.0 = Debug|Any CPU
		{76850CF4-8DD8-4642-8F20-A313280E001A}.Release|Any CPU.ActiveCfg = Release|Any CPU
		{76850CF4-8DD8-4642-8F20-A313280E001A}.Release|Any CPU.Build.0 = Release|Any CPU
		{76850CF4-8DD8-4642-8F20-A313280E001A}.Release|Any CPU.Deploy.0 = Release|Any CPU
	EndGlobalSection
	GlobalSection(SolutionProperties) = preSolution
		HideSolutionNode = FALSE
	EndGlobalSection
EndGlobal
